
Microsoft Visual Studio Solution File, Format Version 12.00
# Visual Studio Version 17
VisualStudioVersion = 17.8.34408.163
MinimumVisualStudioVersion = 10.0.40219.1
Project("{00D1A9C2-B5F0-4AF3-8072-F6C62B433612}") = "DB-Projet-Cinema", "DB-Projet-Cinema\DB-Projet-Cinema.sqlproj", "{AC3D73B9-2DE3-4E84-B32A-55834D334537}"
EndProject
Project("{2150E333-8FDC-42A3-9474-1A3956D46DE8}") = "ASP", "ASP", "{9B79F015-68FD-4EB0-B7A6-4F9F718C21C8}"
EndProject
Project("{2150E333-8FDC-42A3-9474-1A3956D46DE8}") = "DAL", "DAL", "{6C48F1C5-BAC7-4382-9518-4B7D198FE3DA}"
EndProject
Project("{2150E333-8FDC-42A3-9474-1A3956D46DE8}") = "BLL", "BLL", "{F824E270-DE9B-416A-9BFC-CD46AAB102DE}"
EndProject
Project("{2150E333-8FDC-42A3-9474-1A3956D46DE8}") = "Mockup", "Mockup", "{E5AC4B48-67B1-48A7-BCB7-F85420107CFF}"
EndProject
Project("{FAE04EC0-301F-11D3-BF4B-00C04F79EFBC}") = "Shared", "Shared\Shared.csproj", "{14B9A49C-5FFE-4DD0-B3FE-350C5533CEC0}"
EndProject
Project("{FAE04EC0-301F-11D3-BF4B-00C04F79EFBC}") = "BLL_cinema", "BLL_cinema\BLL_cinema.csproj", "{168C0FD7-FDC2-456A-B998-118C6867B133}"
EndProject
Project("{FAE04EC0-301F-11D3-BF4B-00C04F79EFBC}") = "DAL-cinema", "DAL-cinema\DAL-cinema.csproj", "{AA0C575B-4A6B-494D-9C78-46E296D46350}"
EndProject
Project("{FAE04EC0-301F-11D3-BF4B-00C04F79EFBC}") = "ASP-cinema", "ASP-cinema\ASP-cinema.csproj", "{FC250118-701C-4EB7-B7A1-7F7469AAA8D9}"
EndProject
Global
	GlobalSection(SolutionConfigurationPlatforms) = preSolution
		Debug|Any CPU = Debug|Any CPU
		Release|Any CPU = Release|Any CPU
	EndGlobalSection
	GlobalSection(ProjectConfigurationPlatforms) = postSolution
		{AC3D73B9-2DE3-4E84-B32A-55834D334537}.Debug|Any CPU.ActiveCfg = Debug|Any CPU
		{AC3D73B9-2DE3-4E84-B32A-55834D334537}.Debug|Any CPU.Build.0 = Debug|Any CPU
		{AC3D73B9-2DE3-4E84-B32A-55834D334537}.Debug|Any CPU.Deploy.0 = Debug|Any CPU
		{AC3D73B9-2DE3-4E84-B32A-55834D334537}.Release|Any CPU.ActiveCfg = Release|Any CPU
		{AC3D73B9-2DE3-4E84-B32A-55834D334537}.Release|Any CPU.Build.0 = Release|Any CPU
		{AC3D73B9-2DE3-4E84-B32A-55834D334537}.Release|Any CPU.Deploy.0 = Release|Any CPU
		{14B9A49C-5FFE-4DD0-B3FE-350C5533CEC0}.Debug|Any CPU.ActiveCfg = Debug|Any CPU
		{14B9A49C-5FFE-4DD0-B3FE-350C5533CEC0}.Debug|Any CPU.Build.0 = Debug|Any CPU
		{14B9A49C-5FFE-4DD0-B3FE-350C5533CEC0}.Release|Any CPU.ActiveCfg = Release|Any CPU
		{14B9A49C-5FFE-4DD0-B3FE-350C5533CEC0}.Release|Any CPU.Build.0 = Release|Any CPU
		{168C0FD7-FDC2-456A-B998-118C6867B133}.Debug|Any CPU.ActiveCfg = Debug|Any CPU
		{168C0FD7-FDC2-456A-B998-118C6867B133}.Debug|Any CPU.Build.0 = Debug|Any CPU
		{168C0FD7-FDC2-456A-B998-118C6867B133}.Release|Any CPU.ActiveCfg = Release|Any CPU
		{168C0FD7-FDC2-456A-B998-118C6867B133}.Release|Any CPU.Build.0 = Release|Any CPU
		{AA0C575B-4A6B-494D-9C78-46E296D46350}.Debug|Any CPU.ActiveCfg = Debug|Any CPU
		{AA0C575B-4A6B-494D-9C78-46E296D46350}.Debug|Any CPU.Build.0 = Debug|Any CPU
		{AA0C575B-4A6B-494D-9C78-46E296D46350}.Release|Any CPU.ActiveCfg = Release|Any CPU
		{AA0C575B-4A6B-494D-9C78-46E296D46350}.Release|Any CPU.Build.0 = Release|Any CPU
		{FC250118-701C-4EB7-B7A1-7F7469AAA8D9}.Debug|Any CPU.ActiveCfg = Debug|Any CPU
		{FC250118-701C-4EB7-B7A1-7F7469AAA8D9}.Debug|Any CPU.Build.0 = Debug|Any CPU
		{FC250118-701C-4EB7-B7A1-7F7469AAA8D9}.Release|Any CPU.ActiveCfg = Release|Any CPU
		{FC250118-701C-4EB7-B7A1-7F7469AAA8D9}.Release|Any CPU.Build.0 = Release|Any CPU
	EndGlobalSection
	GlobalSection(SolutionProperties) = preSolution
		HideSolutionNode = FALSE
	EndGlobalSection
	GlobalSection(NestedProjects) = preSolution
		{168C0FD7-FDC2-456A-B998-118C6867B133} = {F824E270-DE9B-416A-9BFC-CD46AAB102DE}
		{AA0C575B-4A6B-494D-9C78-46E296D46350} = {6C48F1C5-BAC7-4382-9518-4B7D198FE3DA}
		{FC250118-701C-4EB7-B7A1-7F7469AAA8D9} = {9B79F015-68FD-4EB0-B7A6-4F9F718C21C8}
	EndGlobalSection
	GlobalSection(ExtensibilityGlobals) = postSolution
		SolutionGuid = {5F6E5E14-3DE6-47D5-B21A-4786F9EC7B5B}
	EndGlobalSection
EndGlobal
